
Microsoft Visual Studio Solution File, Format Version 12.00
# Visual Studio Version 16
VisualStudioVersion = 16.0.29521.150
MinimumVisualStudioVersion = 10.0.40219.1
Project("{9A19103F-16F7-4668-BE54-9A1E7A4F7556}") = "CommandCore", "Command\CommandCore.csproj", "{17E6257B-0EC1-4582-8DAF-90C66D8CF6F3}"
EndProject
Project("{2150E333-8FDC-42A3-9474-1A3956D46DE8}") = "FrameWork", "FrameWork", "{08E37FEC-559D-4501-8ACA-8B054AB442AD}"
EndProject
Project("{2150E333-8FDC-42A3-9474-1A3956D46DE8}") = "Demo", "Demo", "{9EDB9B36-EEAF-4952-98DB-FAE9F983C00B}"
EndProject
Project("{2150E333-8FDC-42A3-9474-1A3956D46DE8}") = "DTO", "DTO", "{F45D45B2-6F9F-4BBB-B35D-07A48F68E7CE}"
EndProject
Project("{9A19103F-16F7-4668-BE54-9A1E7A4F7556}") = "OrderDTO", "OrderDTO\OrderDTO.csproj", "{2A376D0D-B98A-4250-922C-124194413820}"
EndProject
Project("{9A19103F-16F7-4668-BE54-9A1E7A4F7556}") = "ConfigDTO", "ConfigDTO\ConfigDTO.csproj", "{1C629866-6619-4D3D-81FF-52FF1500176D}"
EndProject
Project("{2150E333-8FDC-42A3-9474-1A3956D46DE8}") = "Repository", "Repository", "{6E77755C-655F-4276-A525-52EB0CCB6C3E}"
EndProject
Project("{9A19103F-16F7-4668-BE54-9A1E7A4F7556}") = "ConfigSqliteDb", "ConfigDB\ConfigSqliteDb.csproj", "{A633624F-F032-4BAE-9C01-61A2E675A7C0}"
EndProject
Project("{9A19103F-16F7-4668-BE54-9A1E7A4F7556}") = "OrderSqliteDb", "OrderDB\OrderSqliteDb.csproj", "{C0643B1E-6ED0-4698-BBF3-7BE068C996A1}"
EndProject
Project("{2150E333-8FDC-42A3-9474-1A3956D46DE8}") = "SQL", "SQL", "{DBC52C85-B8BE-4163-970C-F810868F9800}"
EndProject
Project("{2150E333-8FDC-42A3-9474-1A3956D46DE8}") = "NoSQL", "NoSQL", "{9F0B5125-EAC2-43AE-9DEA-6CF0F5CA6CF4}"
EndProject
Project("{9A19103F-16F7-4668-BE54-9A1E7A4F7556}") = "OrderEntity", "OrderEntity\OrderEntity.csproj", "{72E36DE8-7C89-4D50-B9AC-3E2238B5FE95}"
EndProject
Project("{9A19103F-16F7-4668-BE54-9A1E7A4F7556}") = "ConfigEntity", "ConfigEntity\ConfigEntity.csproj", "{8D5DC028-CE12-436C-BFE0-0CA2058AD0E4}"
EndProject
Project("{9A19103F-16F7-4668-BE54-9A1E7A4F7556}") = "InputOrderApplication", "InputOrderApplication\InputOrderApplication.csproj", "{199109FC-A550-4F8B-ACE2-1C3EBE551CCC}"
EndProject
Project("{9A19103F-16F7-4668-BE54-9A1E7A4F7556}") = "SqliteRepository", "ConfigSqliteRepository\SqliteRepository.csproj", "{89F58E52-6FCC-45B5-9064-7DEE266741AE}"
EndProject
Project("{9A19103F-16F7-4668-BE54-9A1E7A4F7556}") = "Reader", "ConfigReader\Reader.csproj", "{BAA2DA80-A6A9-4759-8229-396897A7AE7C}"
EndProject
Project("{9A19103F-16F7-4668-BE54-9A1E7A4F7556}") = "SqliteReader", "ConfigSqliteReader\SqliteReader.csproj", "{2368B736-A659-4CD8-80DF-83199C4A1DC7}"
EndProject
Global
	GlobalSection(SolutionConfigurationPlatforms) = preSolution
		Debug|Any CPU = Debug|Any CPU
		Release|Any CPU = Release|Any CPU
	EndGlobalSection
	GlobalSection(ProjectConfigurationPlatforms) = postSolution
		{17E6257B-0EC1-4582-8DAF-90C66D8CF6F3}.Debug|Any CPU.ActiveCfg = Debug|Any CPU
		{17E6257B-0EC1-4582-8DAF-90C66D8CF6F3}.Debug|Any CPU.Build.0 = Debug|Any CPU
		{17E6257B-0EC1-4582-8DAF-90C66D8CF6F3}.Release|Any CPU.ActiveCfg = Release|Any CPU
		{17E6257B-0EC1-4582-8DAF-90C66D8CF6F3}.Release|Any CPU.Build.0 = Release|Any CPU
		{2A376D0D-B98A-4250-922C-124194413820}.Debug|Any CPU.ActiveCfg = Debug|Any CPU
		{2A376D0D-B98A-4250-922C-124194413820}.Debug|Any CPU.Build.0 = Debug|Any CPU
		{2A376D0D-B98A-4250-922C-124194413820}.Release|Any CPU.ActiveCfg = Release|Any CPU
		{2A376D0D-B98A-4250-922C-124194413820}.Release|Any CPU.Build.0 = Release|Any CPU
		{1C629866-6619-4D3D-81FF-52FF1500176D}.Debug|Any CPU.ActiveCfg = Debug|Any CPU
		{1C629866-6619-4D3D-81FF-52FF1500176D}.Debug|Any CPU.Build.0 = Debug|Any CPU
		{1C629866-6619-4D3D-81FF-52FF1500176D}.Release|Any CPU.ActiveCfg = Release|Any CPU
		{1C629866-6619-4D3D-81FF-52FF1500176D}.Release|Any CPU.Build.0 = Release|Any CPU
		{A633624F-F032-4BAE-9C01-61A2E675A7C0}.Debug|Any CPU.ActiveCfg = Debug|Any CPU
		{A633624F-F032-4BAE-9C01-61A2E675A7C0}.Debug|Any CPU.Build.0 = Debug|Any CPU
		{A633624F-F032-4BAE-9C01-61A2E675A7C0}.Release|Any CPU.ActiveCfg = Release|Any CPU
		{A633624F-F032-4BAE-9C01-61A2E675A7C0}.Release|Any CPU.Build.0 = Release|Any CPU
		{C0643B1E-6ED0-4698-BBF3-7BE068C996A1}.Debug|Any CPU.ActiveCfg = Debug|Any CPU
		{C0643B1E-6ED0-4698-BBF3-7BE068C996A1}.Debug|Any CPU.Build.0 = Debug|Any CPU
		{C0643B1E-6ED0-4698-BBF3-7BE068C996A1}.Release|Any CPU.ActiveCfg = Release|Any CPU
		{C0643B1E-6ED0-4698-BBF3-7BE068C996A1}.Release|Any CPU.Build.0 = Release|Any CPU
		{72E36DE8-7C89-4D50-B9AC-3E2238B5FE95}.Debug|Any CPU.ActiveCfg = Debug|Any CPU
		{72E36DE8-7C89-4D50-B9AC-3E2238B5FE95}.Debug|Any CPU.Build.0 = Debug|Any CPU
		{72E36DE8-7C89-4D50-B9AC-3E2238B5FE95}.Release|Any CPU.ActiveCfg = Release|Any CPU
		{72E36DE8-7C89-4D50-B9AC-3E2238B5FE95}.Release|Any CPU.Build.0 = Release|Any CPU
		{8D5DC028-CE12-436C-BFE0-0CA2058AD0E4}.Debug|Any CPU.ActiveCfg = Debug|Any CPU
		{8D5DC028-CE12-436C-BFE0-0CA2058AD0E4}.Debug|Any CPU.Build.0 = Debug|Any CPU
		{8D5DC028-CE12-436C-BFE0-0CA2058AD0E4}.Release|Any CPU.ActiveCfg = Release|Any CPU
		{8D5DC028-CE12-436C-BFE0-0CA2058AD0E4}.Release|Any CPU.Build.0 = Release|Any CPU
		{199109FC-A550-4F8B-ACE2-1C3EBE551CCC}.Debug|Any CPU.ActiveCfg = Debug|Any CPU
		{199109FC-A550-4F8B-ACE2-1C3EBE551CCC}.Debug|Any CPU.Build.0 = Debug|Any CPU
		{199109FC-A550-4F8B-ACE2-1C3EBE551CCC}.Release|Any CPU.ActiveCfg = Release|Any CPU
		{199109FC-A550-4F8B-ACE2-1C3EBE551CCC}.Release|Any CPU.Build.0 = Release|Any CPU
		{89F58E52-6FCC-45B5-9064-7DEE266741AE}.Debug|Any CPU.ActiveCfg = Debug|Any CPU
		{89F58E52-6FCC-45B5-9064-7DEE266741AE}.Debug|Any CPU.Build.0 = Debug|Any CPU
		{89F58E52-6FCC-45B5-9064-7DEE266741AE}.Release|Any CPU.ActiveCfg = Release|Any CPU
		{89F58E52-6FCC-45B5-9064-7DEE266741AE}.Release|Any CPU.Build.0 = Release|Any CPU
		{BAA2DA80-A6A9-4759-8229-396897A7AE7C}.Debug|Any CPU.ActiveCfg = Debug|Any CPU
		{BAA2DA80-A6A9-4759-8229-396897A7AE7C}.Debug|Any CPU.Build.0 = Debug|Any CPU
		{BAA2DA80-A6A9-4759-8229-396897A7AE7C}.Release|Any CPU.ActiveCfg = Release|Any CPU
		{BAA2DA80-A6A9-4759-8229-396897A7AE7C}.Release|Any CPU.Build.0 = Release|Any CPU
		{2368B736-A659-4CD8-80DF-83199C4A1DC7}.Debug|Any CPU.ActiveCfg = Debug|Any CPU
		{2368B736-A659-4CD8-80DF-83199C4A1DC7}.Debug|Any CPU.Build.0 = Debug|Any CPU
		{2368B736-A659-4CD8-80DF-83199C4A1DC7}.Release|Any CPU.ActiveCfg = Release|Any CPU
		{2368B736-A659-4CD8-80DF-83199C4A1DC7}.Release|Any CPU.Build.0 = Release|Any CPU
	EndGlobalSection
	GlobalSection(SolutionProperties) = preSolution
		HideSolutionNode = FALSE
	EndGlobalSection
	GlobalSection(NestedProjects) = preSolution
		{17E6257B-0EC1-4582-8DAF-90C66D8CF6F3} = {08E37FEC-559D-4501-8ACA-8B054AB442AD}
		{F45D45B2-6F9F-4BBB-B35D-07A48F68E7CE} = {9EDB9B36-EEAF-4952-98DB-FAE9F983C00B}
		{2A376D0D-B98A-4250-922C-124194413820} = {F45D45B2-6F9F-4BBB-B35D-07A48F68E7CE}
		{1C629866-6619-4D3D-81FF-52FF1500176D} = {F45D45B2-6F9F-4BBB-B35D-07A48F68E7CE}
		{6E77755C-655F-4276-A525-52EB0CCB6C3E} = {9EDB9B36-EEAF-4952-98DB-FAE9F983C00B}
		{A633624F-F032-4BAE-9C01-61A2E675A7C0} = {DBC52C85-B8BE-4163-970C-F810868F9800}
		{C0643B1E-6ED0-4698-BBF3-7BE068C996A1} = {DBC52C85-B8BE-4163-970C-F810868F9800}
		{DBC52C85-B8BE-4163-970C-F810868F9800} = {6E77755C-655F-4276-A525-52EB0CCB6C3E}
		{9F0B5125-EAC2-43AE-9DEA-6CF0F5CA6CF4} = {6E77755C-655F-4276-A525-52EB0CCB6C3E}
		{72E36DE8-7C89-4D50-B9AC-3E2238B5FE95} = {DBC52C85-B8BE-4163-970C-F810868F9800}
		{8D5DC028-CE12-436C-BFE0-0CA2058AD0E4} = {DBC52C85-B8BE-4163-970C-F810868F9800}
		{199109FC-A550-4F8B-ACE2-1C3EBE551CCC} = {9EDB9B36-EEAF-4952-98DB-FAE9F983C00B}
		{89F58E52-6FCC-45B5-9064-7DEE266741AE} = {DBC52C85-B8BE-4163-970C-F810868F9800}
		{BAA2DA80-A6A9-4759-8229-396897A7AE7C} = {6E77755C-655F-4276-A525-52EB0CCB6C3E}
		{2368B736-A659-4CD8-80DF-83199C4A1DC7} = {DBC52C85-B8BE-4163-970C-F810868F9800}
	EndGlobalSection
	GlobalSection(ExtensibilityGlobals) = postSolution
		SolutionGuid = {AE61D3E9-8423-43A0-AC2A-00A0A38E95D6}
	EndGlobalSection
EndGlobal
